{
    "_readme": [
        "This file locks the dependencies of your project to a known state",
        "Read more about it at https://getcomposer.org/doc/01-basic-usage.md#composer-lock-the-lock-file",
        "This file is @generated automatically"
    ],
    "hash": "750b5388a071c1692a7651f4e7b5d688",
    "content-hash": "58b4e9bc3514ae1ea159e6e6161ef792",
    "packages": [
        {
            "name": "altorouter/altorouter",
            "version": "v1.2.0",
            "source": {
                "type": "git",
                "url": "https://github.com/dannyvankooten/AltoRouter.git",
                "reference": "39c50092470128c12284d332bb57f306bb5b58e4"
            },
            "dist": {
                "type": "zip",
                "url": "https://packagist.phpcomposer.com/files/dannyvankooten/AltoRouter/39c50092470128c12284d332bb57f306bb5b58e4.zip",
                "reference": "39c50092470128c12284d332bb57f306bb5b58e4",
                "shasum": ""
            },
            "require": {
                "php": ">=5.3.0"
            },
            "require-dev": {
                "codeclimate/php-test-reporter": "dev-master",
                "phpunit/phpunit": "4.5.*"
            },
            "type": "library",
            "autoload": {
                "classmap": [
                    "AltoRouter.php"
                ]
            },
            "notification-url": "https://packagist.org/downloads/",
            "license": [
                "MIT"
            ],
            "authors": [
                {
                    "name": "Danny van Kooten",
                    "email": "dannyvankooten@gmail.com",
                    "homepage": "http://dannyvankooten.com/"
                },
                {
                    "name": "Koen Punt",
                    "homepage": "https://github.com/koenpunt"
                },
                {
                    "name": "niahoo",
                    "homepage": "https://github.com/niahoo"
                }
            ],
            "description": "A lightning fast router for PHP",
            "homepage": "https://github.com/dannyvankooten/AltoRouter",
            "keywords": [
                "lightweight",
                "router",
                "routing"
            ],
            "time": "2015-11-30 00:47:43"
        },
        {
            "name": "lox/pheasant",
            "version": "dev-master",
            "source": {
                "type": "git",
                "url": "https://github.com/lox/pheasant.git",
                "reference": "b51c5ff325b5868b8e36af532f2b7f0133f1d9d2"
            },
            "dist": {
                "type": "zip",
                "url": "https://packagist.phpcomposer.com/files/lox/pheasant/b51c5ff325b5868b8e36af532f2b7f0133f1d9d2.zip",
                "reference": "b51c5ff325b5868b8e36af532f2b7f0133f1d9d2",
                "shasum": ""
            },
            "require": {
                "php": ">=5.3.2"
            },
            "require-dev": {
                "mockery/mockery": "~0.7.2",
                "phpunit/phpunit": "~3.7.18",
                "satooshi/php-coveralls": "dev-master"
            },
            "type": "library",
            "autoload": {
                "psr-0": {
                    "Pheasant": [
                        "lib",
                        "tests"
                    ]
                }
            },
            "notification-url": "https://packagist.org/downloads/",
            "license": [
                "MIT"
            ],
            "authors": [
                {
                    "name": "Lachlan Donald",
                    "email": "lachlan@ljd.cc"
                },
                {
                    "name": "Richard Bone",
                    "email": "rjonbone@gmail.com"
                }
            ],
            "description": "A lightweight data mapper for MySQL and PHP 5.3+",
            "keywords": [
                "99designs",
                "activerecord",
                "datamapper",
                "mysql",
                "orm"
            ],
            "time": "2016-05-07 18:06:45"
        }
    ],
    "packages-dev": [],
    "aliases": [],
    "minimum-stability": "stable",
    "stability-flags": {
        "lox/pheasant": 20
    },
    "prefer-stable": false,
    "prefer-lowest": false,
    "platform": [],
    "platform-dev": []
}
